
Microsoft Visual Studio Solution File, Format Version 12.00
# Visual Studio Version 16
VisualStudioVersion = 16.0.30717.126
MinimumVisualStudioVersion = 10.0.40219.1
Project("{FAE04EC0-301F-11D3-BF4B-00C04F79EFBC}") = "Employeee", "Employeee.csproj", "{9DA3A416-8C6B-4385-B28C-AB8C2DCDC435}"
EndProject
Global
	GlobalSection(SolutionConfigurationPlatforms) = preSolution
		Debug|Any CPU = Debug|Any CPU
		Release|Any CPU = Release|Any CPU
	EndGlobalSection
	GlobalSection(ProjectConfigurationPlatforms) = postSolution
		{9DA3A416-8C6B-4385-B28C-AB8C2DCDC435}.Debug|Any CPU.ActiveCfg = Debug|Any CPU
		{9DA3A416-8C6B-4385-B28C-AB8C2DCDC435}.Debug|Any CPU.Build.0 = Debug|Any CPU
		{9DA3A416-8C6B-4385-B28C-AB8C2DCDC435}.Release|Any CPU.ActiveCfg = Release|Any CPU
		{9DA3A416-8C6B-4385-B28C-AB8C2DCDC435}.Release|Any CPU.Build.0 = Release|Any CPU
	EndGlobalSection
	GlobalSection(SolutionProperties) = preSolution
		HideSolutionNode = FALSE
	EndGlobalSection
	GlobalSection(ExtensibilityGlobals) = postSolution
		SolutionGuid = {99FDB3AA-209A-4268-8A3F-A75FCF4DD69E}
	EndGlobalSection
EndGlobal
